
Microsoft Visual Studio Solution File, Format Version 12.00
# Visual Studio 15
VisualStudioVersion = 15.0.28307.572
MinimumVisualStudioVersion = 10.0.40219.1
Project("{FAE04EC0-301F-11D3-BF4B-00C04F79EFBC}") = "DlMalloc", "DlMalloc\DlMalloc.csproj", "{994A34BF-0E19-40B9-8A52-4E23EBCF5D47}"
EndProject
Project("{FAE04EC0-301F-11D3-BF4B-00C04F79EFBC}") = "DlMallocTest", "DlMallocTest\DlMallocTest.csproj", "{CC8106DC-763E-4429-96A6-8DE32A606C80}"
EndProject
Project("{2150E333-8FDC-42A3-9474-1A3956D46DE8}") = "Solution Items", "Solution Items", "{DD780CA6-4E03-4F34-A1CD-276DBE9020BA}"
	ProjectSection(SolutionItems) = preProject
		dlmalloc.c = dlmalloc.c
		LICENSE.md = LICENSE.md
		README.md = README.md
	EndProjectSection
EndProject
Global
	GlobalSection(SolutionConfigurationPlatforms) = preSolution
		Debug|Any CPU = Debug|Any CPU
		Debug|x64 = Debug|x64
		Debug|x86 = Debug|x86
		Release|Any CPU = Release|Any CPU
		Release|x64 = Release|x64
		Release|x86 = Release|x86
	EndGlobalSection
	GlobalSection(ProjectConfigurationPlatforms) = postSolution
		{994A34BF-0E19-40B9-8A52-4E23EBCF5D47}.Debug|Any CPU.ActiveCfg = Debug|Any CPU
		{994A34BF-0E19-40B9-8A52-4E23EBCF5D47}.Debug|Any CPU.Build.0 = Debug|Any CPU
		{994A34BF-0E19-40B9-8A52-4E23EBCF5D47}.Debug|x64.ActiveCfg = Debug|x64
		{994A34BF-0E19-40B9-8A52-4E23EBCF5D47}.Debug|x64.Build.0 = Debug|x64
		{994A34BF-0E19-40B9-8A52-4E23EBCF5D47}.Debug|x86.ActiveCfg = Debug|x86
		{994A34BF-0E19-40B9-8A52-4E23EBCF5D47}.Debug|x86.Build.0 = Debug|x86
		{994A34BF-0E19-40B9-8A52-4E23EBCF5D47}.Release|Any CPU.ActiveCfg = Release|Any CPU
		{994A34BF-0E19-40B9-8A52-4E23EBCF5D47}.Release|Any CPU.Build.0 = Release|Any CPU
		{994A34BF-0E19-40B9-8A52-4E23EBCF5D47}.Release|x64.ActiveCfg = Release|x64
		{994A34BF-0E19-40B9-8A52-4E23EBCF5D47}.Release|x64.Build.0 = Release|x64
		{994A34BF-0E19-40B9-8A52-4E23EBCF5D47}.Release|x86.ActiveCfg = Release|x86
		{994A34BF-0E19-40B9-8A52-4E23EBCF5D47}.Release|x86.Build.0 = Release|x86
		{CC8106DC-763E-4429-96A6-8DE32A606C80}.Debug|Any CPU.ActiveCfg = Debug|Any CPU
		{CC8106DC-763E-4429-96A6-8DE32A606C80}.Debug|Any CPU.Build.0 = Debug|Any CPU
		{CC8106DC-763E-4429-96A6-8DE32A606C80}.Debug|x64.ActiveCfg = Debug|x64
		{CC8106DC-763E-4429-96A6-8DE32A606C80}.Debug|x64.Build.0 = Debug|x64
		{CC8106DC-763E-4429-96A6-8DE32A606C80}.Debug|x86.ActiveCfg = Debug|x86
		{CC8106DC-763E-4429-96A6-8DE32A606C80}.Debug|x86.Build.0 = Debug|x86
		{CC8106DC-763E-4429-96A6-8DE32A606C80}.Release|Any CPU.ActiveCfg = Release|Any CPU
		{CC8106DC-763E-4429-96A6-8DE32A606C80}.Release|Any CPU.Build.0 = Release|Any CPU
		{CC8106DC-763E-4429-96A6-8DE32A606C80}.Release|x64.ActiveCfg = Release|x64
		{CC8106DC-763E-4429-96A6-8DE32A606C80}.Release|x64.Build.0 = Release|x64
		{CC8106DC-763E-4429-96A6-8DE32A606C80}.Release|x86.ActiveCfg = Release|x86
		{CC8106DC-763E-4429-96A6-8DE32A606C80}.Release|x86.Build.0 = Release|x86
	EndGlobalSection
	GlobalSection(SolutionProperties) = preSolution
		HideSolutionNode = FALSE
	EndGlobalSection
	GlobalSection(ExtensibilityGlobals) = postSolution
		SolutionGuid = {033A4FD6-D7B8-4967-84AD-B0B45D56840D}
	EndGlobalSection
EndGlobal
